{
  "object": {
    "pins": [
      {
        "package": "async-http-client",
        "repositoryURL": "https://github.com/slashmo/async-http-client.git",
        "state": {
          "branch": "feature/tracing",
          "revision": "59b61ebbe7fbf1bf51dbbaa72b60dd4ed749b569",
          "version": null
        }
      },
      {
        "package": "async-kit",
        "repositoryURL": "https://github.com/vapor/async-kit.git",
        "state": {
          "branch": null,
          "revision": "c1de408100a2f2e4ab2ea06512e8635bc1a59144",
          "version": "1.3.1"
        }
      },
      {
        "package": "console-kit",
        "repositoryURL": "https://github.com/vapor/console-kit.git",
        "state": {
          "branch": null,
          "revision": "cfe8bcd58f74ffecb4f536d8237de146b634ecd3",
          "version": "4.2.6"
        }
      },
      {
        "package": "grpc-swift",
        "repositoryURL": "https://github.com/grpc/grpc-swift.git",
        "state": {
          "branch": null,
          "revision": "9e464a75079928366aa7041769a271fac89271bf",
          "version": "1.0.0"
        }
      },
      {
        "package": "jwt",
        "repositoryURL": "https://github.com/brokenhandsio/jwt.git",
        "state": {
          "branch": "tracing",
          "revision": "e0b91bb1f6c40894f9e0ee8cb9d996de895b44d6",
          "version": null
        }
      },
      {
        "package": "jwt-kit",
        "repositoryURL": "https://github.com/vapor/jwt-kit.git",
        "state": {
          "branch": null,
          "revision": "b50b30b567726b14ac282aa6d3a42a52c1ebc8c0",
          "version": "4.2.2"
        }
      },
      {
        "package": "multipart-kit",
        "repositoryURL": "https://github.com/vapor/multipart-kit.git",
        "state": {
          "branch": null,
          "revision": "2376b4949e8a1675f7c495224029498194eecf61",
          "version": "4.0.3"
        }
      },
      {
        "package": "opentelemetry-swift",
        "repositoryURL": "https://github.com/slashmo/opentelemetry-swift.git",
        "state": {
          "branch": "main",
          "revision": "7471ed27fc5ec818f2f17b9422332d9da6841463",
          "version": null
        }
      },
      {
        "package": "opentelemetry-swift-xray",
        "repositoryURL": "https://github.com/slashmo/opentelemetry-swift-xray.git",
        "state": {
          "branch": "main",
          "revision": "9b7717eeedab19337e023899272e0cf28026f36b",
          "version": null
        }
      },
      {
        "package": "routing-kit",
        "repositoryURL": "https://github.com/vapor/routing-kit.git",
        "state": {
          "branch": null,
          "revision": "a0801a36a6ad501d5ad6285cbcd4774de6b0a734",
          "version": "4.3.0"
        }
      },
      {
        "package": "soto",
        "repositoryURL": "https://github.com/brokenhandsio/soto.git",
        "state": {
          "branch": "tracing",
          "revision": "0b6a44aa7b1a809fcbb496995e5f8b6c90b4dd2d",
          "version": null
        }
      },
      {
        "package": "soto-core",
        "repositoryURL": "https://github.com/brokenhandsio/soto-core.git",
        "state": {
          "branch": "tracing",
          "revision": "dae448472f555b536e7a704a4ac12122ae177679",
          "version": null
        }
      },
      {
        "package": "swift-backtrace",
        "repositoryURL": "https://github.com/swift-server/swift-backtrace.git",
        "state": {
          "branch": null,
          "revision": "54a65d6391a1467a896d0d351ff2de6f469ee53c",
          "version": "1.2.3"
        }
      },
      {
        "package": "swift-crypto",
        "repositoryURL": "https://github.com/apple/swift-crypto.git",
        "state": {
          "branch": null,
          "revision": "3bea268b223651c4ab7b7b9ad62ef9b2d4143eb6",
          "version": "1.1.6"
        }
      },
      {
        "package": "swift-distributed-tracing",
        "repositoryURL": "https://github.com/apple/swift-distributed-tracing.git",
        "state": {
          "branch": null,
          "revision": "fce1f7c91ad5a733500ea1cdd7ccd7aed9130536",
          "version": "0.1.4"
        }
      },
      {
        "package": "swift-distributed-tracing-baggage",
        "repositoryURL": "https://github.com/apple/swift-distributed-tracing-baggage.git",
        "state": {
          "branch": null,
          "revision": "b68b3277985555995298426a35084b832dbc51ae",
          "version": "0.1.1"
        }
      },
      {
        "package": "swift-distributed-tracing-baggage-core",
        "repositoryURL": "https://github.com/apple/swift-distributed-tracing-baggage-core.git",
        "state": {
          "branch": null,
          "revision": "9a2884a37f39e08ebd225627c400feae9c6ea8df",
          "version": "0.1.1"
        }
      },
      {
        "package": "swift-log",
        "repositoryURL": "https://github.com/apple/swift-log.git",
        "state": {
          "branch": null,
          "revision": "5d66f7ba25daf4f94100e7022febf3c75e37a6c7",
          "version": "1.4.2"
        }
      },
      {
        "package": "swift-metrics",
        "repositoryURL": "https://github.com/apple/swift-metrics.git",
        "state": {
          "branch": null,
          "revision": "e382458581b05839a571c578e90060fff499f101",
          "version": "2.1.1"
        }
      },
      {
        "package": "swift-nio",
        "repositoryURL": "https://github.com/apple/swift-nio.git",
        "state": {
          "branch": null,
          "revision": "d161bf658780b209c185994528e7e24376cf7283",
          "version": "2.29.0"
        }
      },
      {
        "package": "swift-nio-extras",
        "repositoryURL": "https://github.com/apple/swift-nio-extras.git",
        "state": {
          "branch": null,
          "revision": "de1c80ad1fdff1ba772bcef6b392c3ef735f39a6",
          "version": "1.8.0"
        }
      },
      {
        "package": "swift-nio-http2",
        "repositoryURL": "https://github.com/apple/swift-nio-http2.git",
        "state": {
          "branch": null,
          "revision": "e3e9024a632b40695ad5d3a85f9776a9b27a4bc6",
          "version": "1.17.0"
        }
      },
      {
        "package": "swift-nio-ssl",
        "repositoryURL": "https://github.com/apple/swift-nio-ssl.git",
        "state": {
          "branch": null,
          "revision": "6363cdf6d2fb863e82434f3c4618f4e896e37569",
          "version": "2.13.1"
        }
      },
      {
        "package": "swift-nio-transport-services",
        "repositoryURL": "https://github.com/apple/swift-nio-transport-services.git",
        "state": {
          "branch": null,
          "revision": "657537c2cf1845f8d5201ecc4e48f21f21841128",
          "version": "1.10.0"
        }
      },
      {
        "package": "SwiftProtobuf",
        "repositoryURL": "https://github.com/apple/swift-protobuf.git",
        "state": {
          "branch": null,
          "revision": "1f62db409f2c9b0223a3f68567b4a01333aae778",
          "version": "1.17.0"
        }
      },
      {
        "package": "swift-statsd-client",
        "repositoryURL": "https://github.com/apple/swift-statsd-client.git",
        "state": {
          "branch": null,
          "revision": "409e0367ac32a1e236e1bd38f86229363a7c4419",
          "version": "1.0.0-alpha.4"
        }
      },
      {
        "package": "vapor",
        "repositoryURL": "https://github.com/brokenhandsio/vapor.git",
        "state": {
          "branch": "tracing",
          "revision": "e232c430882d2a95f5fff30a867daf3b19e61aa2",
          "version": null
        }
      },
      {
        "package": "websocket-kit",
        "repositoryURL": "https://github.com/vapor/websocket-kit.git",
        "state": {
          "branch": null,
          "revision": "a2d26b3de8b3be292f3208d1c74024f76ac503da",
          "version": "2.1.3"
        }
      }
    ]
  },
  "version": 1
}
